
Microsoft Visual Studio Solution File, Format Version 12.00
# Visual Studio Version 17
VisualStudioVersion = 17.9.34622.214
MinimumVisualStudioVersion = 10.0.40219.1
Project("{FAE04EC0-301F-11D3-BF4B-00C04F79EFBC}") = "Localidades_IBGE", "Localidades_IBGE.csproj", "{33E6793E-8CF4-4639-B0A4-1C93B1ECBDC3}"
EndProject
Global
	GlobalSection(SolutionConfigurationPlatforms) = preSolution
		Debug|Any CPU = Debug|Any CPU
		Release|Any CPU = Release|Any CPU
	EndGlobalSection
	GlobalSection(ProjectConfigurationPlatforms) = postSolution
		{33E6793E-8CF4-4639-B0A4-1C93B1ECBDC3}.Debug|Any CPU.ActiveCfg = Debug|Any CPU
		{33E6793E-8CF4-4639-B0A4-1C93B1ECBDC3}.Debug|Any CPU.Build.0 = Debug|Any CPU
		{33E6793E-8CF4-4639-B0A4-1C93B1ECBDC3}.Release|Any CPU.ActiveCfg = Release|Any CPU
		{33E6793E-8CF4-4639-B0A4-1C93B1ECBDC3}.Release|Any CPU.Build.0 = Release|Any CPU
	EndGlobalSection
	GlobalSection(SolutionProperties) = preSolution
		HideSolutionNode = FALSE
	EndGlobalSection
	GlobalSection(ExtensibilityGlobals) = postSolution
		SolutionGuid = {59E31875-5457-41E6-8249-A0039F9EDC22}
	EndGlobalSection
EndGlobal
